// !$*UTF8*$!
{
	archiveVersion = 1;
	classes = {
	};
	objectVersion = 55;
	objects = {

/* Begin PBXBuildFile section */
		7781D144277BFE10006D57F5 /* CheckBoxMD.swift in Sources */ = {isa = PBXBuildFile; fileRef = 7781D143277BFE10006D57F5 /* CheckBoxMD.swift */; };
		7781D146277BFE1F006D57F5 /* ListFieldMD.swift in Sources */ = {isa = PBXBuildFile; fileRef = 7781D145277BFE1F006D57F5 /* ListFieldMD.swift */; };
		7781D148277BFE2E006D57F5 /* CameraMD.swift in Sources */ = {isa = PBXBuildFile; fileRef = 7781D147277BFE2E006D57F5 /* CameraMD.swift */; };
		7781D14A277BFE38006D57F5 /* Camera.swift in Sources */ = {isa = PBXBuildFile; fileRef = 7781D149277BFE38006D57F5 /* Camera.swift */; };
		7781D14C277BFE51006D57F5 /* JSON in Resources */ = {isa = PBXBuildFile; fileRef = 7781D14B277BFE51006D57F5 /* JSON */; };
		77EA9051277B862100E41C0A /* suMappApp.swift in Sources */ = {isa = PBXBuildFile; fileRef = 77EA9050277B862100E41C0A /* suMappApp.swift */; };
		77EA9053277B862100E41C0A /* ContentView.swift in Sources */ = {isa = PBXBuildFile; fileRef = 77EA9052277B862100E41C0A /* ContentView.swift */; };
		77EA9055277B862300E41C0A /* Assets.xcassets in Resources */ = {isa = PBXBuildFile; fileRef = 77EA9054277B862300E41C0A /* Assets.xcassets */; };
		77EA9058277B862300E41C0A /* Preview Assets.xcassets in Resources */ = {isa = PBXBuildFile; fileRef = 77EA9057277B862300E41C0A /* Preview Assets.xcassets */; };
		77EA905A277B862300E41C0A /* Persistence.swift in Sources */ = {isa = PBXBuildFile; fileRef = 77EA9059277B862300E41C0A /* Persistence.swift */; };
		77EA905D277B862300E41C0A /* suMapp.xcdatamodeld in Sources */ = {isa = PBXBuildFile; fileRef = 77EA905B277B862300E41C0A /* suMapp.xcdatamodeld */; };
		77EA9065277B885300E41C0A /* HomeVW.swift in Sources */ = {isa = PBXBuildFile; fileRef = 77EA9064277B885300E41C0A /* HomeVW.swift */; };
		77EA9067277B886000E41C0A /* FormsVW.swift in Sources */ = {isa = PBXBuildFile; fileRef = 77EA9066277B886000E41C0A /* FormsVW.swift */; };
		77EA9069277B887100E41C0A /* AlertsVW.swift in Sources */ = {isa = PBXBuildFile; fileRef = 77EA9068277B887100E41C0A /* AlertsVW.swift */; };
		77EA906B277B888400E41C0A /* SettingsVW.swift in Sources */ = {isa = PBXBuildFile; fileRef = 77EA906A277B888400E41C0A /* SettingsVW.swift */; };
		77EA906D277B88C600E41C0A /* LoginVW.swift in Sources */ = {isa = PBXBuildFile; fileRef = 77EA906C277B88C600E41C0A /* LoginVW.swift */; };
		77EA9070277B898E00E41C0A /* myClasses.swift in Sources */ = {isa = PBXBuildFile; fileRef = 77EA906F277B898E00E41C0A /* myClasses.swift */; };
		77EA9072277B98BE00E41C0A /* myStructs.swift in Sources */ = {isa = PBXBuildFile; fileRef = 77EA9071277B98BE00E41C0A /* myStructs.swift */; };
		77EA9076277BAFAA00E41C0A /* DetailedFormVW.swift in Sources */ = {isa = PBXBuildFile; fileRef = 77EA9075277BAFAA00E41C0A /* DetailedFormVW.swift */; };
/* End PBXBuildFile section */

/* Begin PBXFileReference section */
		7781D143277BFE10006D57F5 /* CheckBoxMD.swift */ = {isa = PBXFileReference; lastKnownFileType = sourcecode.swift; path = CheckBoxMD.swift; sourceTree = "<group>"; };
		7781D145277BFE1F006D57F5 /* ListFieldMD.swift */ = {isa = PBXFileReference; lastKnownFileType = sourcecode.swift; path = ListFieldMD.swift; sourceTree = "<group>"; };
		7781D147277BFE2E006D57F5 /* CameraMD.swift */ = {isa = PBXFileReference; lastKnownFileType = sourcecode.swift; path = CameraMD.swift; sourceTree = "<group>"; };
		7781D149277BFE38006D57F5 /* Camera.swift */ = {isa = PBXFileReference; lastKnownFileType = sourcecode.swift; path = Camera.swift; sourceTree = "<group>"; };
		7781D14B277BFE51006D57F5 /* JSON */ = {isa = PBXFileReference; lastKnownFileType = text; path = JSON; sourceTree = "<group>"; };
		77EA904D277B862100E41C0A /* suMapp.app */ = {isa = PBXFileReference; explicitFileType = wrapper.application; includeInIndex = 0; path = suMapp.app; sourceTree = BUILT_PRODUCTS_DIR; };
		77EA9050277B862100E41C0A /* suMappApp.swift */ = {isa = PBXFileReference; lastKnownFileType = sourcecode.swift; path = suMappApp.swift; sourceTree = "<group>"; };
		77EA9052277B862100E41C0A /* ContentView.swift */ = {isa = PBXFileReference; lastKnownFileType = sourcecode.swift; path = ContentView.swift; sourceTree = "<group>"; };
		77EA9054277B862300E41C0A /* Assets.xcassets */ = {isa = PBXFileReference; lastKnownFileType = folder.assetcatalog; path = Assets.xcassets; sourceTree = "<group>"; };
		77EA9057277B862300E41C0A /* Preview Assets.xcassets */ = {isa = PBXFileReference; lastKnownFileType = folder.assetcatalog; path = "Preview Assets.xcassets"; sourceTree = "<group>"; };
		77EA9059277B862300E41C0A /* Persistence.swift */ = {isa = PBXFileReference; lastKnownFileType = sourcecode.swift; path = Persistence.swift; sourceTree = "<group>"; };
		77EA905C277B862300E41C0A /* suMapp.xcdatamodel */ = {isa = PBXFileReference; lastKnownFileType = wrapper.xcdatamodel; path = suMapp.xcdatamodel; sourceTree = "<group>"; };
		77EA9064277B885300E41C0A /* HomeVW.swift */ = {isa = PBXFileReference; lastKnownFileType = sourcecode.swift; path = HomeVW.swift; sourceTree = "<group>"; };
		77EA9066277B886000E41C0A /* FormsVW.swift */ = {isa = PBXFileReference; lastKnownFileType = sourcecode.swift; path = FormsVW.swift; sourceTree = "<group>"; };
		77EA9068277B887100E41C0A /* AlertsVW.swift */ = {isa = PBXFileReference; lastKnownFileType = sourcecode.swift; path = AlertsVW.swift; sourceTree = "<group>"; };
		77EA906A277B888400E41C0A /* SettingsVW.swift */ = {isa = PBXFileReference; fileEncoding = 4; lastKnownFileType = sourcecode.swift; path = SettingsVW.swift; sourceTree = "<group>"; };
		77EA906C277B88C600E41C0A /* LoginVW.swift */ = {isa = PBXFileReference; lastKnownFileType = sourcecode.swift; path = LoginVW.swift; sourceTree = "<group>"; };
		77EA906F277B898E00E41C0A /* myClasses.swift */ = {isa = PBXFileReference; lastKnownFileType = sourcecode.swift; path = myClasses.swift; sourceTree = "<group>"; };
		77EA9071277B98BE00E41C0A /* myStructs.swift */ = {isa = PBXFileReference; lastKnownFileType = sourcecode.swift; path = myStructs.swift; sourceTree = "<group>"; };
		77EA9075277BAFAA00E41C0A /* DetailedFormVW.swift */ = {isa = PBXFileReference; lastKnownFileType = sourcecode.swift; path = DetailedFormVW.swift; sourceTree = "<group>"; };
/* End PBXFileReference section */

/* Begin PBXFrameworksBuildPhase section */
		77EA904A277B862100E41C0A /* Frameworks */ = {
			isa = PBXFrameworksBuildPhase;
			buildActionMask = 2147483647;
			files = (
			);
			runOnlyForDeploymentPostprocessing = 0;
		};
/* End PBXFrameworksBuildPhase section */

/* Begin PBXGroup section */
		7781D142277BFDE6006D57F5 /* Modules Form */ = {
			isa = PBXGroup;
			children = (
				7781D14B277BFE51006D57F5 /* JSON */,
				7781D143277BFE10006D57F5 /* CheckBoxMD.swift */,
				7781D145277BFE1F006D57F5 /* ListFieldMD.swift */,
				7781D147277BFE2E006D57F5 /* CameraMD.swift */,
				7781D149277BFE38006D57F5 /* Camera.swift */,
			);
			path = "Modules Form";
			sourceTree = "<group>";
		};
		77EA9044277B862100E41C0A = {
			isa = PBXGroup;
			children = (
				77EA904F277B862100E41C0A /* suMapp */,
				77EA904E277B862100E41C0A /* Products */,
			);
			sourceTree = "<group>";
		};
		77EA904E277B862100E41C0A /* Products */ = {
			isa = PBXGroup;
			children = (
				77EA904D277B862100E41C0A /* suMapp.app */,
			);
			name = Products;
			sourceTree = "<group>";
		};
		77EA904F277B862100E41C0A /* suMapp */ = {
			isa = PBXGroup;
			children = (
				77EA9050277B862100E41C0A /* suMappApp.swift */,
				77EA906E277B897600E41C0A /* Classes & Structs */,
				77EA9052277B862100E41C0A /* ContentView.swift */,
				77EA906C277B88C600E41C0A /* LoginVW.swift */,
				77EA9063277B883F00E41C0A /* Menu */,
				77EA9054277B862300E41C0A /* Assets.xcassets */,
				77EA9059277B862300E41C0A /* Persistence.swift */,
				77EA905B277B862300E41C0A /* suMapp.xcdatamodeld */,
				77EA9056277B862300E41C0A /* Preview Content */,
			);
			path = suMapp;
			sourceTree = "<group>";
		};
		77EA9056277B862300E41C0A /* Preview Content */ = {
			isa = PBXGroup;
			children = (
				77EA9057277B862300E41C0A /* Preview Assets.xcassets */,
			);
			path = "Preview Content";
			sourceTree = "<group>";
		};
		77EA9063277B883F00E41C0A /* Menu */ = {
			isa = PBXGroup;
			children = (
				77EA9064277B885300E41C0A /* HomeVW.swift */,
				77EA9066277B886000E41C0A /* FormsVW.swift */,
				77EA9075277BAFAA00E41C0A /* DetailedFormVW.swift */,
				7781D142277BFDE6006D57F5 /* Modules Form */,
				77EA9068277B887100E41C0A /* AlertsVW.swift */,
				77EA906A277B888400E41C0A /* SettingsVW.swift */,
			);
			path = Menu;
			sourceTree = "<group>";
		};
		77EA906E277B897600E41C0A /* Classes & Structs */ = {
			isa = PBXGroup;
			children = (
				77EA906F277B898E00E41C0A /* myClasses.swift */,
				77EA9071277B98BE00E41C0A /* myStructs.swift */,
			);
			path = "Classes & Structs";
			sourceTree = "<group>";
		};
/* End PBXGroup section */

/* Begin PBXNativeTarget section */
		77EA904C277B862100E41C0A /* suMapp */ = {
			isa = PBXNativeTarget;
			buildConfigurationList = 77EA9060277B862300E41C0A /* Build configuration list for PBXNativeTarget "suMapp" */;
			buildPhases = (
				77EA9049277B862100E41C0A /* Sources */,
				77EA904A277B862100E41C0A /* Frameworks */,
				77EA904B277B862100E41C0A /* Resources */,
			);
			buildRules = (
			);
			dependencies = (
			);
			name = suMapp;
			productName = suMapp;
			productReference = 77EA904D277B862100E41C0A /* suMapp.app */;
			productType = "com.apple.product-type.application";
		};
/* End PBXNativeTarget section */

/* Begin PBXProject section */
		77EA9045277B862100E41C0A /* Project object */ = {
			isa = PBXProject;
			attributes = {
				BuildIndependentTargetsInParallel = 1;
				LastSwiftUpdateCheck = 1310;
				LastUpgradeCheck = 1310;
				TargetAttributes = {
					77EA904C277B862100E41C0A = {
						CreatedOnToolsVersion = 13.1;
					};
				};
			};
			buildConfigurationList = 77EA9048277B862100E41C0A /* Build configuration list for PBXProject "suMapp" */;
			compatibilityVersion = "Xcode 13.0";
			developmentRegion = en;
			hasScannedForEncodings = 0;
			knownRegions = (
				en,
				Base,
			);
			mainGroup = 77EA9044277B862100E41C0A;
			productRefGroup = 77EA904E277B862100E41C0A /* Products */;
			projectDirPath = "";
			projectRoot = "";
			targets = (
				77EA904C277B862100E41C0A /* suMapp */,
			);
		};
/* End PBXProject section */

/* Begin PBXResourcesBuildPhase section */
		77EA904B277B862100E41C0A /* Resources */ = {
			isa = PBXResourcesBuildPhase;
			buildActionMask = 2147483647;
			files = (
				77EA9058277B862300E41C0A /* Preview Assets.xcassets in Resources */,
				7781D14C277BFE51006D57F5 /* JSON in Resources */,
				77EA9055277B862300E41C0A /* Assets.xcassets in Resources */,
			);
			runOnlyForDeploymentPostprocessing = 0;
		};
/* End PBXResourcesBuildPhase section */

/* Begin PBXSourcesBuildPhase section */
		77EA9049277B862100E41C0A /* Sources */ = {
			isa = PBXSourcesBuildPhase;
			buildActionMask = 2147483647;
			files = (
				7781D14A277BFE38006D57F5 /* Camera.swift in Sources */,
				77EA9069277B887100E41C0A /* AlertsVW.swift in Sources */,
				7781D148277BFE2E006D57F5 /* CameraMD.swift in Sources */,
				77EA906B277B888400E41C0A /* SettingsVW.swift in Sources */,
				7781D144277BFE10006D57F5 /* CheckBoxMD.swift in Sources */,
				7781D146277BFE1F006D57F5 /* ListFieldMD.swift in Sources */,
				77EA9070277B898E00E41C0A /* myClasses.swift in Sources */,
				77EA905A277B862300E41C0A /* Persistence.swift in Sources */,
				77EA9076277BAFAA00E41C0A /* DetailedFormVW.swift in Sources */,
				77EA9065277B885300E41C0A /* HomeVW.swift in Sources */,
				77EA9067277B886000E41C0A /* FormsVW.swift in Sources */,
				77EA906D277B88C600E41C0A /* LoginVW.swift in Sources */,
				77EA905D277B862300E41C0A /* suMapp.xcdatamodeld in Sources */,
				77EA9072277B98BE00E41C0A /* myStructs.swift in Sources */,
				77EA9053277B862100E41C0A /* ContentView.swift in Sources */,
				77EA9051277B862100E41C0A /* suMappApp.swift in Sources */,
			);
			runOnlyForDeploymentPostprocessing = 0;
		};
/* End PBXSourcesBuildPhase section */

/* Begin XCBuildConfiguration section */
		77EA905E277B862300E41C0A /* Debug */ = {
			isa = XCBuildConfiguration;
			buildSettings = {
				ALWAYS_SEARCH_USER_PATHS = NO;
				CLANG_ANALYZER_NONNULL = YES;
				CLANG_ANALYZER_NUMBER_OBJECT_CONVERSION = YES_AGGRESSIVE;
				CLANG_CXX_LANGUAGE_STANDARD = "gnu++17";
				CLANG_CXX_LIBRARY = "libc++";
				CLANG_ENABLE_MODULES = YES;
				CLANG_ENABLE_OBJC_ARC = YES;
				CLANG_ENABLE_OBJC_WEAK = YES;
				CLANG_WARN_BLOCK_CAPTURE_AUTORELEASING = YES;
				CLANG_WARN_BOOL_CONVERSION = YES;
				CLANG_WARN_COMMA = YES;
				CLANG_WARN_CONSTANT_CONVERSION = YES;
				CLANG_WARN_DEPRECATED_OBJC_IMPLEMENTATIONS = YES;
				CLANG_WARN_DIRECT_OBJC_ISA_USAGE = YES_ERROR;
				CLANG_WARN_DOCUMENTATION_COMMENTS = YES;
				CLANG_WARN_EMPTY_BODY = YES;
				CLANG_WARN_ENUM_CONVERSION = YES;
				CLANG_WARN_INFINITE_RECURSION = YES;
				CLANG_WARN_INT_CONVERSION = YES;
				CLANG_WARN_NON_LITERAL_NULL_CONVERSION = YES;
				CLANG_WARN_OBJC_IMPLICIT_RETAIN_SELF = YES;
				CLANG_WARN_OBJC_LITERAL_CONVERSION = YES;
				CLANG_WARN_OBJC_ROOT_CLASS = YES_ERROR;
				CLANG_WARN_QUOTED_INCLUDE_IN_FRAMEWORK_HEADER = YES;
				CLANG_WARN_RANGE_LOOP_ANALYSIS = YES;
				CLANG_WARN_STRICT_PROTOTYPES = YES;
				CLANG_WARN_SUSPICIOUS_MOVE = YES;
				CLANG_WARN_UNGUARDED_AVAILABILITY = YES_AGGRESSIVE;
				CLANG_WARN_UNREACHABLE_CODE = YES;
				CLANG_WARN__DUPLICATE_METHOD_MATCH = YES;
				COPY_PHASE_STRIP = NO;
				DEBUG_INFORMATION_FORMAT = dwarf;
				ENABLE_STRICT_OBJC_MSGSEND = YES;
				ENABLE_TESTABILITY = YES;
				GCC_C_LANGUAGE_STANDARD = gnu11;
				GCC_DYNAMIC_NO_PIC = NO;
				GCC_NO_COMMON_BLOCKS = YES;
				GCC_OPTIMIZATION_LEVEL = 0;
				GCC_PREPROCESSOR_DEFINITIONS = (
					"DEBUG=1",
					"$(inherited)",
				);
				GCC_WARN_64_TO_32_BIT_CONVERSION = YES;
				GCC_WARN_ABOUT_RETURN_TYPE = YES_ERROR;
				GCC_WARN_UNDECLARED_SELECTOR = YES;
				GCC_WARN_UNINITIALIZED_AUTOS = YES_AGGRESSIVE;
				GCC_WARN_UNUSED_FUNCTION = YES;
				GCC_WARN_UNUSED_VARIABLE = YES;
				IPHONEOS_DEPLOYMENT_TARGET = 15.0;
				MTL_ENABLE_DEBUG_INFO = INCLUDE_SOURCE;
				MTL_FAST_MATH = YES;
				ONLY_ACTIVE_ARCH = YES;
				SDKROOT = iphoneos;
				SWIFT_ACTIVE_COMPILATION_CONDITIONS = DEBUG;
				SWIFT_OPTIMIZATION_LEVEL = "-Onone";
			};
			name = Debug;
		};
		77EA905F277B862300E41C0A /* Release */ = {
			isa = XCBuildConfiguration;
			buildSettings = {
				ALWAYS_SEARCH_USER_PATHS = NO;
				CLANG_ANALYZER_NONNULL = YES;
				CLANG_ANALYZER_NUMBER_OBJECT_CONVERSION = YES_AGGRESSIVE;
				CLANG_CXX_LANGUAGE_STANDARD = "gnu++17";
				CLANG_CXX_LIBRARY = "libc++";
				CLANG_ENABLE_MODULES = YES;
				CLANG_ENABLE_OBJC_ARC = YES;
				CLANG_ENABLE_OBJC_WEAK = YES;
				CLANG_WARN_BLOCK_CAPTURE_AUTORELEASING = YES;
				CLANG_WARN_BOOL_CONVERSION = YES;
				CLANG_WARN_COMMA = YES;
				CLANG_WARN_CONSTANT_CONVERSION = YES;
				CLANG_WARN_DEPRECATED_OBJC_IMPLEMENTATIONS = YES;
				CLANG_WARN_DIRECT_OBJC_ISA_USAGE = YES_ERROR;
				CLANG_WARN_DOCUMENTATION_COMMENTS = YES;
				CLANG_WARN_EMPTY_BODY = YES;
				CLANG_WARN_ENUM_CONVERSION = YES;
				CLANG_WARN_INFINITE_RECURSION = YES;
				CLANG_WARN_INT_CONVERSION = YES;
				CLANG_WARN_NON_LITERAL_NULL_CONVERSION = YES;
				CLANG_WARN_OBJC_IMPLICIT_RETAIN_SELF = YES;
				CLANG_WARN_OBJC_LITERAL_CONVERSION = YES;
				CLANG_WARN_OBJC_ROOT_CLASS = YES_ERROR;
				CLANG_WARN_QUOTED_INCLUDE_IN_FRAMEWORK_HEADER = YES;
				CLANG_WARN_RANGE_LOOP_ANALYSIS = YES;
				CLANG_WARN_STRICT_PROTOTYPES = YES;
				CLANG_WARN_SUSPICIOUS_MOVE = YES;
				CLANG_WARN_UNGUARDED_AVAILABILITY = YES_AGGRESSIVE;
				CLANG_WARN_UNREACHABLE_CODE = YES;
				CLANG_WARN__DUPLICATE_METHOD_MATCH = YES;
				COPY_PHASE_STRIP = NO;
				DEBUG_INFORMATION_FORMAT = "dwarf-with-dsym";
				ENABLE_NS_ASSERTIONS = NO;
				ENABLE_STRICT_OBJC_MSGSEND = YES;
				GCC_C_LANGUAGE_STANDARD = gnu11;
				GCC_NO_COMMON_BLOCKS = YES;
				GCC_WARN_64_TO_32_BIT_CONVERSION = YES;
				GCC_WARN_ABOUT_RETURN_TYPE = YES_ERROR;
				GCC_WARN_UNDECLARED_SELECTOR = YES;
				GCC_WARN_UNINITIALIZED_AUTOS = YES_AGGRESSIVE;
				GCC_WARN_UNUSED_FUNCTION = YES;
				GCC_WARN_UNUSED_VARIABLE = YES;
				IPHONEOS_DEPLOYMENT_TARGET = 15.0;
				MTL_ENABLE_DEBUG_INFO = NO;
				MTL_FAST_MATH = YES;
				SDKROOT = iphoneos;
				SWIFT_COMPILATION_MODE = wholemodule;
				SWIFT_OPTIMIZATION_LEVEL = "-O";
				VALIDATE_PRODUCT = YES;
			};
			name = Release;
		};
		77EA9061277B862300E41C0A /* Debug */ = {
			isa = XCBuildConfiguration;
			buildSettings = {
				ASSETCATALOG_COMPILER_APPICON_NAME = AppIcon;
				ASSETCATALOG_COMPILER_GLOBAL_ACCENT_COLOR_NAME = AccentColor;
				CODE_SIGN_STYLE = Automatic;
				CURRENT_PROJECT_VERSION = 1;
				DEVELOPMENT_ASSET_PATHS = "\"suMapp/Preview Content\"";
				DEVELOPMENT_TEAM = KUA74EN55S;
				ENABLE_PREVIEWS = YES;
				GENERATE_INFOPLIST_FILE = YES;
				INFOPLIST_KEY_UIApplicationSceneManifest_Generation = YES;
				INFOPLIST_KEY_UIApplicationSupportsIndirectInputEvents = YES;
				INFOPLIST_KEY_UILaunchScreen_Generation = YES;
				INFOPLIST_KEY_UISupportedInterfaceOrientations_iPad = "UIInterfaceOrientationPortrait UIInterfaceOrientationPortraitUpsideDown UIInterfaceOrientationLandscapeLeft UIInterfaceOrientationLandscapeRight";
				INFOPLIST_KEY_UISupportedInterfaceOrientations_iPhone = "UIInterfaceOrientationPortrait UIInterfaceOrientationLandscapeLeft UIInterfaceOrientationLandscapeRight";
				LD_RUNPATH_SEARCH_PATHS = (
					"$(inherited)",
					"@executable_path/Frameworks",
				);
				MARKETING_VERSION = 1.0;
				PRODUCT_BUNDLE_IDENTIFIER = AetherSTD.suMapp;
				PRODUCT_NAME = "$(TARGET_NAME)";
				SWIFT_EMIT_LOC_STRINGS = YES;
				SWIFT_VERSION = 5.0;
				TARGETED_DEVICE_FAMILY = 1;
			};
			name = Debug;
		};
		77EA9062277B862300E41C0A /* Release */ = {
			isa = XCBuildConfiguration;
			buildSettings = {
				ASSETCATALOG_COMPILER_APPICON_NAME = AppIcon;
				ASSETCATALOG_COMPILER_GLOBAL_ACCENT_COLOR_NAME = AccentColor;
				CODE_SIGN_STYLE = Automatic;
				CURRENT_PROJECT_VERSION = 1;
				DEVELOPMENT_ASSET_PATHS = "\"suMapp/Preview Content\"";
				DEVELOPMENT_TEAM = KUA74EN55S;
				ENABLE_PREVIEWS = YES;
				GENERATE_INFOPLIST_FILE = YES;
				INFOPLIST_KEY_UIApplicationSceneManifest_Generation = YES;
				INFOPLIST_KEY_UIApplicationSupportsIndirectInputEvents = YES;
				INFOPLIST_KEY_UILaunchScreen_Generation = YES;
				INFOPLIST_KEY_UISupportedInterfaceOrientations_iPad = "UIInterfaceOrientationPortrait UIInterfaceOrientationPortraitUpsideDown UIInterfaceOrientationLandscapeLeft UIInterfaceOrientationLandscapeRight";
				INFOPLIST_KEY_UISupportedInterfaceOrientations_iPhone = "UIInterfaceOrientationPortrait UIInterfaceOrientationLandscapeLeft UIInterfaceOrientationLandscapeRight";
				LD_RUNPATH_SEARCH_PATHS = (
					"$(inherited)",
					"@executable_path/Frameworks",
				);
				MARKETING_VERSION = 1.0;
				PRODUCT_BUNDLE_IDENTIFIER = AetherSTD.suMapp;
				PRODUCT_NAME = "$(TARGET_NAME)";
				SWIFT_EMIT_LOC_STRINGS = YES;
				SWIFT_VERSION = 5.0;
				TARGETED_DEVICE_FAMILY = 1;
			};
			name = Release;
		};
/* End XCBuildConfiguration section */

/* Begin XCConfigurationList section */
		77EA9048277B862100E41C0A /* Build configuration list for PBXProject "suMapp" */ = {
			isa = XCConfigurationList;
			buildConfigurations = (
				77EA905E277B862300E41C0A /* Debug */,
				77EA905F277B862300E41C0A /* Release */,
			);
			defaultConfigurationIsVisible = 0;
			defaultConfigurationName = Release;
		};
		77EA9060277B862300E41C0A /* Build configuration list for PBXNativeTarget "suMapp" */ = {
			isa = XCConfigurationList;
			buildConfigurations = (
				77EA9061277B862300E41C0A /* Debug */,
				77EA9062277B862300E41C0A /* Release */,
			);
			defaultConfigurationIsVisible = 0;
			defaultConfigurationName = Release;
		};
/* End XCConfigurationList section */

/* Begin XCVersionGroup section */
		77EA905B277B862300E41C0A /* suMapp.xcdatamodeld */ = {
			isa = XCVersionGroup;
			children = (
				77EA905C277B862300E41C0A /* suMapp.xcdatamodel */,
			);
			currentVersion = 77EA905C277B862300E41C0A /* suMapp.xcdatamodel */;
			path = suMapp.xcdatamodeld;
			sourceTree = "<group>";
			versionGroupType = wrapper.xcdatamodel;
		};
/* End XCVersionGroup section */
	};
	rootObject = 77EA9045277B862100E41C0A /* Project object */;
}
