// !$*UTF8*$!
{
	archiveVersion = 1;
	classes = {
	};
	objectVersion = 55;
	objects = {

/* Begin PBXBuildFile section */
		7703548C276191C000B472DF /* DetailedFormVW.swift in Sources */ = {isa = PBXBuildFile; fileRef = 7703548B276191C000B472DF /* DetailedFormVW.swift */; };
		7703548E2761960000B472DF /* myStructs.swift in Sources */ = {isa = PBXBuildFile; fileRef = 7703548D2761960000B472DF /* myStructs.swift */; };
		771122A82760667D007F92EC /* LoginVW.swift in Sources */ = {isa = PBXBuildFile; fileRef = 771122A72760667D007F92EC /* LoginVW.swift */; };
		771122AA276069EE007F92EC /* HomeVW.swift in Sources */ = {isa = PBXBuildFile; fileRef = 771122A9276069EE007F92EC /* HomeVW.swift */; };
		771122AC27606A06007F92EC /* FormsVW.swift in Sources */ = {isa = PBXBuildFile; fileRef = 771122AB27606A06007F92EC /* FormsVW.swift */; };
		771122AE27606A3E007F92EC /* AlertsVW.swift in Sources */ = {isa = PBXBuildFile; fileRef = 771122AD27606A3E007F92EC /* AlertsVW.swift */; };
		771122B127606A7B007F92EC /* SettingsVW.swift in Sources */ = {isa = PBXBuildFile; fileRef = 771122B027606A7B007F92EC /* SettingsVW.swift */; };
		771C653C275FA70B004486F5 /* SQL.swift in Sources */ = {isa = PBXBuildFile; fileRef = 771C653B275FA70B004486F5 /* SQL.swift */; };
		7728466C2762E9B3004C5EAC /* ListFieldMD.swift in Sources */ = {isa = PBXBuildFile; fileRef = 7728466B2762E9B3004C5EAC /* ListFieldMD.swift */; };
		7732037B276295A300987489 /* CheckBoxMD.swift in Sources */ = {isa = PBXBuildFile; fileRef = 7732037A276295A300987489 /* CheckBoxMD.swift */; };
		77A11E1D275EEF750037AB78 /* suMappApp.swift in Sources */ = {isa = PBXBuildFile; fileRef = 77A11E1C275EEF750037AB78 /* suMappApp.swift */; };
		77A11E1F275EEF750037AB78 /* ContentView.swift in Sources */ = {isa = PBXBuildFile; fileRef = 77A11E1E275EEF750037AB78 /* ContentView.swift */; };
		77A11E21275EEF780037AB78 /* Assets.xcassets in Resources */ = {isa = PBXBuildFile; fileRef = 77A11E20275EEF780037AB78 /* Assets.xcassets */; };
		77A11E24275EEF780037AB78 /* Preview Assets.xcassets in Resources */ = {isa = PBXBuildFile; fileRef = 77A11E23275EEF780037AB78 /* Preview Assets.xcassets */; };
		77A11E26275EEF780037AB78 /* Persistence.swift in Sources */ = {isa = PBXBuildFile; fileRef = 77A11E25275EEF780037AB78 /* Persistence.swift */; };
		77A11E29275EEF780037AB78 /* suMapp.xcdatamodeld in Sources */ = {isa = PBXBuildFile; fileRef = 77A11E27275EEF780037AB78 /* suMapp.xcdatamodeld */; };
		77E786D1275F05010007651D /* myClasses.swift in Sources */ = {isa = PBXBuildFile; fileRef = 77E786D0275F05010007651D /* myClasses.swift */; };
		77EE380427624E78004A683E /* JSON in Resources */ = {isa = PBXBuildFile; fileRef = 77EE380327624E78004A683E /* JSON */; };
/* End PBXBuildFile section */

/* Begin PBXFileReference section */
		7703548B276191C000B472DF /* DetailedFormVW.swift */ = {isa = PBXFileReference; lastKnownFileType = sourcecode.swift; path = DetailedFormVW.swift; sourceTree = "<group>"; };
		7703548D2761960000B472DF /* myStructs.swift */ = {isa = PBXFileReference; lastKnownFileType = sourcecode.swift; path = myStructs.swift; sourceTree = "<group>"; };
		771122A72760667D007F92EC /* LoginVW.swift */ = {isa = PBXFileReference; lastKnownFileType = sourcecode.swift; path = LoginVW.swift; sourceTree = "<group>"; };
		771122A9276069EE007F92EC /* HomeVW.swift */ = {isa = PBXFileReference; lastKnownFileType = sourcecode.swift; path = HomeVW.swift; sourceTree = "<group>"; };
		771122AB27606A06007F92EC /* FormsVW.swift */ = {isa = PBXFileReference; lastKnownFileType = sourcecode.swift; path = FormsVW.swift; sourceTree = "<group>"; };
		771122AD27606A3E007F92EC /* AlertsVW.swift */ = {isa = PBXFileReference; lastKnownFileType = sourcecode.swift; path = AlertsVW.swift; sourceTree = "<group>"; };
		771122B027606A7B007F92EC /* SettingsVW.swift */ = {isa = PBXFileReference; lastKnownFileType = sourcecode.swift; path = SettingsVW.swift; sourceTree = "<group>"; };
		771C653B275FA70B004486F5 /* SQL.swift */ = {isa = PBXFileReference; lastKnownFileType = sourcecode.swift; path = SQL.swift; sourceTree = "<group>"; };
		7728466B2762E9B3004C5EAC /* ListFieldMD.swift */ = {isa = PBXFileReference; lastKnownFileType = sourcecode.swift; path = ListFieldMD.swift; sourceTree = "<group>"; };
		7732037A276295A300987489 /* CheckBoxMD.swift */ = {isa = PBXFileReference; lastKnownFileType = sourcecode.swift; path = CheckBoxMD.swift; sourceTree = "<group>"; };
		77A11E19275EEF750037AB78 /* suMapp.app */ = {isa = PBXFileReference; explicitFileType = wrapper.application; includeInIndex = 0; path = suMapp.app; sourceTree = BUILT_PRODUCTS_DIR; };
		77A11E1C275EEF750037AB78 /* suMappApp.swift */ = {isa = PBXFileReference; lastKnownFileType = sourcecode.swift; path = suMappApp.swift; sourceTree = "<group>"; };
		77A11E1E275EEF750037AB78 /* ContentView.swift */ = {isa = PBXFileReference; lastKnownFileType = sourcecode.swift; path = ContentView.swift; sourceTree = "<group>"; };
		77A11E20275EEF780037AB78 /* Assets.xcassets */ = {isa = PBXFileReference; lastKnownFileType = folder.assetcatalog; path = Assets.xcassets; sourceTree = "<group>"; };
		77A11E23275EEF780037AB78 /* Preview Assets.xcassets */ = {isa = PBXFileReference; lastKnownFileType = folder.assetcatalog; path = "Preview Assets.xcassets"; sourceTree = "<group>"; };
		77A11E25275EEF780037AB78 /* Persistence.swift */ = {isa = PBXFileReference; lastKnownFileType = sourcecode.swift; path = Persistence.swift; sourceTree = "<group>"; };
		77A11E28275EEF780037AB78 /* suMapp.xcdatamodel */ = {isa = PBXFileReference; lastKnownFileType = wrapper.xcdatamodel; path = suMapp.xcdatamodel; sourceTree = "<group>"; };
		77E786D0275F05010007651D /* myClasses.swift */ = {isa = PBXFileReference; lastKnownFileType = sourcecode.swift; path = myClasses.swift; sourceTree = "<group>"; };
		77EE380327624E78004A683E /* JSON */ = {isa = PBXFileReference; lastKnownFileType = text; path = JSON; sourceTree = "<group>"; };
/* End PBXFileReference section */

/* Begin PBXFrameworksBuildPhase section */
		77A11E16275EEF750037AB78 /* Frameworks */ = {
			isa = PBXFrameworksBuildPhase;
			buildActionMask = 2147483647;
			files = (
			);
			runOnlyForDeploymentPostprocessing = 0;
		};
/* End PBXFrameworksBuildPhase section */

/* Begin PBXGroup section */
		771122AF27606A4D007F92EC /* Menu */ = {
			isa = PBXGroup;
			children = (
				771122A9276069EE007F92EC /* HomeVW.swift */,
				771122AB27606A06007F92EC /* FormsVW.swift */,
				7703548B276191C000B472DF /* DetailedFormVW.swift */,
				7713FA2B2761989F00C333C8 /* Modules Form */,
				771122AD27606A3E007F92EC /* AlertsVW.swift */,
				771122B027606A7B007F92EC /* SettingsVW.swift */,
			);
			path = Menu;
			sourceTree = "<group>";
		};
		7713FA2B2761989F00C333C8 /* Modules Form */ = {
			isa = PBXGroup;
			children = (
				77EE380327624E78004A683E /* JSON */,
				7732037A276295A300987489 /* CheckBoxMD.swift */,
				7728466B2762E9B3004C5EAC /* ListFieldMD.swift */,
			);
			path = "Modules Form";
			sourceTree = "<group>";
		};
		77A11E10275EEF750037AB78 = {
			isa = PBXGroup;
			children = (
				77A11E1B275EEF750037AB78 /* suMapp */,
				77A11E1A275EEF750037AB78 /* Products */,
			);
			sourceTree = "<group>";
		};
		77A11E1A275EEF750037AB78 /* Products */ = {
			isa = PBXGroup;
			children = (
				77A11E19275EEF750037AB78 /* suMapp.app */,
			);
			name = Products;
			sourceTree = "<group>";
		};
		77A11E1B275EEF750037AB78 /* suMapp */ = {
			isa = PBXGroup;
			children = (
				77A11E1C275EEF750037AB78 /* suMappApp.swift */,
				77E786CF275F04D50007651D /* Classes & Structs */,
				77A11E1E275EEF750037AB78 /* ContentView.swift */,
				771122AF27606A4D007F92EC /* Menu */,
				771122A72760667D007F92EC /* LoginVW.swift */,
				77A11E20275EEF780037AB78 /* Assets.xcassets */,
				77A11E25275EEF780037AB78 /* Persistence.swift */,
				77A11E27275EEF780037AB78 /* suMapp.xcdatamodeld */,
				77A11E22275EEF780037AB78 /* Preview Content */,
			);
			path = suMapp;
			sourceTree = "<group>";
		};
		77A11E22275EEF780037AB78 /* Preview Content */ = {
			isa = PBXGroup;
			children = (
				77A11E23275EEF780037AB78 /* Preview Assets.xcassets */,
			);
			path = "Preview Content";
			sourceTree = "<group>";
		};
		77E786CF275F04D50007651D /* Classes & Structs */ = {
			isa = PBXGroup;
			children = (
				77E786D0275F05010007651D /* myClasses.swift */,
				7703548D2761960000B472DF /* myStructs.swift */,
				771C653B275FA70B004486F5 /* SQL.swift */,
			);
			path = "Classes & Structs";
			sourceTree = "<group>";
		};
/* End PBXGroup section */

/* Begin PBXNativeTarget section */
		77A11E18275EEF750037AB78 /* suMapp */ = {
			isa = PBXNativeTarget;
			buildConfigurationList = 77A11E2C275EEF780037AB78 /* Build configuration list for PBXNativeTarget "suMapp" */;
			buildPhases = (
				77A11E15275EEF750037AB78 /* Sources */,
				77A11E16275EEF750037AB78 /* Frameworks */,
				77A11E17275EEF750037AB78 /* Resources */,
			);
			buildRules = (
			);
			dependencies = (
			);
			name = suMapp;
			packageProductDependencies = (
			);
			productName = suMapp;
			productReference = 77A11E19275EEF750037AB78 /* suMapp.app */;
			productType = "com.apple.product-type.application";
		};
/* End PBXNativeTarget section */

/* Begin PBXProject section */
		77A11E11275EEF750037AB78 /* Project object */ = {
			isa = PBXProject;
			attributes = {
				BuildIndependentTargetsInParallel = 1;
				LastSwiftUpdateCheck = 1310;
				LastUpgradeCheck = 1310;
				TargetAttributes = {
					77A11E18275EEF750037AB78 = {
						CreatedOnToolsVersion = 13.1;
					};
				};
			};
			buildConfigurationList = 77A11E14275EEF750037AB78 /* Build configuration list for PBXProject "suMapp" */;
			compatibilityVersion = "Xcode 13.0";
			developmentRegion = en;
			hasScannedForEncodings = 0;
			knownRegions = (
				en,
				Base,
			);
			mainGroup = 77A11E10275EEF750037AB78;
			packageReferences = (
			);
			productRefGroup = 77A11E1A275EEF750037AB78 /* Products */;
			projectDirPath = "";
			projectRoot = "";
			targets = (
				77A11E18275EEF750037AB78 /* suMapp */,
			);
		};
/* End PBXProject section */

/* Begin PBXResourcesBuildPhase section */
		77A11E17275EEF750037AB78 /* Resources */ = {
			isa = PBXResourcesBuildPhase;
			buildActionMask = 2147483647;
			files = (
				77A11E24275EEF780037AB78 /* Preview Assets.xcassets in Resources */,
				77EE380427624E78004A683E /* JSON in Resources */,
				77A11E21275EEF780037AB78 /* Assets.xcassets in Resources */,
			);
			runOnlyForDeploymentPostprocessing = 0;
		};
/* End PBXResourcesBuildPhase section */

/* Begin PBXSourcesBuildPhase section */
		77A11E15275EEF750037AB78 /* Sources */ = {
			isa = PBXSourcesBuildPhase;
			buildActionMask = 2147483647;
			files = (
				771C653C275FA70B004486F5 /* SQL.swift in Sources */,
				7703548E2761960000B472DF /* myStructs.swift in Sources */,
				771122B127606A7B007F92EC /* SettingsVW.swift in Sources */,
				77A11E26275EEF780037AB78 /* Persistence.swift in Sources */,
				771122AC27606A06007F92EC /* FormsVW.swift in Sources */,
				7732037B276295A300987489 /* CheckBoxMD.swift in Sources */,
				7703548C276191C000B472DF /* DetailedFormVW.swift in Sources */,
				77A11E29275EEF780037AB78 /* suMapp.xcdatamodeld in Sources */,
				7728466C2762E9B3004C5EAC /* ListFieldMD.swift in Sources */,
				77E786D1275F05010007651D /* myClasses.swift in Sources */,
				77A11E1F275EEF750037AB78 /* ContentView.swift in Sources */,
				771122AA276069EE007F92EC /* HomeVW.swift in Sources */,
				771122A82760667D007F92EC /* LoginVW.swift in Sources */,
				77A11E1D275EEF750037AB78 /* suMappApp.swift in Sources */,
				771122AE27606A3E007F92EC /* AlertsVW.swift in Sources */,
			);
			runOnlyForDeploymentPostprocessing = 0;
		};
/* End PBXSourcesBuildPhase section */

/* Begin XCBuildConfiguration section */
		77A11E2A275EEF780037AB78 /* Debug */ = {
			isa = XCBuildConfiguration;
			buildSettings = {
				ALWAYS_SEARCH_USER_PATHS = NO;
				CLANG_ANALYZER_NONNULL = YES;
				CLANG_ANALYZER_NUMBER_OBJECT_CONVERSION = YES_AGGRESSIVE;
				CLANG_CXX_LANGUAGE_STANDARD = "gnu++17";
				CLANG_CXX_LIBRARY = "libc++";
				CLANG_ENABLE_MODULES = YES;
				CLANG_ENABLE_OBJC_ARC = YES;
				CLANG_ENABLE_OBJC_WEAK = YES;
				CLANG_WARN_BLOCK_CAPTURE_AUTORELEASING = YES;
				CLANG_WARN_BOOL_CONVERSION = YES;
				CLANG_WARN_COMMA = YES;
				CLANG_WARN_CONSTANT_CONVERSION = YES;
				CLANG_WARN_DEPRECATED_OBJC_IMPLEMENTATIONS = YES;
				CLANG_WARN_DIRECT_OBJC_ISA_USAGE = YES_ERROR;
				CLANG_WARN_DOCUMENTATION_COMMENTS = YES;
				CLANG_WARN_EMPTY_BODY = YES;
				CLANG_WARN_ENUM_CONVERSION = YES;
				CLANG_WARN_INFINITE_RECURSION = YES;
				CLANG_WARN_INT_CONVERSION = YES;
				CLANG_WARN_NON_LITERAL_NULL_CONVERSION = YES;
				CLANG_WARN_OBJC_IMPLICIT_RETAIN_SELF = YES;
				CLANG_WARN_OBJC_LITERAL_CONVERSION = YES;
				CLANG_WARN_OBJC_ROOT_CLASS = YES_ERROR;
				CLANG_WARN_QUOTED_INCLUDE_IN_FRAMEWORK_HEADER = YES;
				CLANG_WARN_RANGE_LOOP_ANALYSIS = YES;
				CLANG_WARN_STRICT_PROTOTYPES = YES;
				CLANG_WARN_SUSPICIOUS_MOVE = YES;
				CLANG_WARN_UNGUARDED_AVAILABILITY = YES_AGGRESSIVE;
				CLANG_WARN_UNREACHABLE_CODE = YES;
				CLANG_WARN__DUPLICATE_METHOD_MATCH = YES;
				COPY_PHASE_STRIP = NO;
				DEBUG_INFORMATION_FORMAT = dwarf;
				ENABLE_STRICT_OBJC_MSGSEND = YES;
				ENABLE_TESTABILITY = YES;
				GCC_C_LANGUAGE_STANDARD = gnu11;
				GCC_DYNAMIC_NO_PIC = NO;
				GCC_NO_COMMON_BLOCKS = YES;
				GCC_OPTIMIZATION_LEVEL = 0;
				GCC_PREPROCESSOR_DEFINITIONS = (
					"DEBUG=1",
					"$(inherited)",
				);
				GCC_WARN_64_TO_32_BIT_CONVERSION = YES;
				GCC_WARN_ABOUT_RETURN_TYPE = YES_ERROR;
				GCC_WARN_UNDECLARED_SELECTOR = YES;
				GCC_WARN_UNINITIALIZED_AUTOS = YES_AGGRESSIVE;
				GCC_WARN_UNUSED_FUNCTION = YES;
				GCC_WARN_UNUSED_VARIABLE = YES;
				IPHONEOS_DEPLOYMENT_TARGET = 15.0;
				MTL_ENABLE_DEBUG_INFO = INCLUDE_SOURCE;
				MTL_FAST_MATH = YES;
				ONLY_ACTIVE_ARCH = YES;
				SDKROOT = iphoneos;
				SWIFT_ACTIVE_COMPILATION_CONDITIONS = DEBUG;
				SWIFT_OPTIMIZATION_LEVEL = "-Onone";
			};
			name = Debug;
		};
		77A11E2B275EEF780037AB78 /* Release */ = {
			isa = XCBuildConfiguration;
			buildSettings = {
				ALWAYS_SEARCH_USER_PATHS = NO;
				CLANG_ANALYZER_NONNULL = YES;
				CLANG_ANALYZER_NUMBER_OBJECT_CONVERSION = YES_AGGRESSIVE;
				CLANG_CXX_LANGUAGE_STANDARD = "gnu++17";
				CLANG_CXX_LIBRARY = "libc++";
				CLANG_ENABLE_MODULES = YES;
				CLANG_ENABLE_OBJC_ARC = YES;
				CLANG_ENABLE_OBJC_WEAK = YES;
				CLANG_WARN_BLOCK_CAPTURE_AUTORELEASING = YES;
				CLANG_WARN_BOOL_CONVERSION = YES;
				CLANG_WARN_COMMA = YES;
				CLANG_WARN_CONSTANT_CONVERSION = YES;
				CLANG_WARN_DEPRECATED_OBJC_IMPLEMENTATIONS = YES;
				CLANG_WARN_DIRECT_OBJC_ISA_USAGE = YES_ERROR;
				CLANG_WARN_DOCUMENTATION_COMMENTS = YES;
				CLANG_WARN_EMPTY_BODY = YES;
				CLANG_WARN_ENUM_CONVERSION = YES;
				CLANG_WARN_INFINITE_RECURSION = YES;
				CLANG_WARN_INT_CONVERSION = YES;
				CLANG_WARN_NON_LITERAL_NULL_CONVERSION = YES;
				CLANG_WARN_OBJC_IMPLICIT_RETAIN_SELF = YES;
				CLANG_WARN_OBJC_LITERAL_CONVERSION = YES;
				CLANG_WARN_OBJC_ROOT_CLASS = YES_ERROR;
				CLANG_WARN_QUOTED_INCLUDE_IN_FRAMEWORK_HEADER = YES;
				CLANG_WARN_RANGE_LOOP_ANALYSIS = YES;
				CLANG_WARN_STRICT_PROTOTYPES = YES;
				CLANG_WARN_SUSPICIOUS_MOVE = YES;
				CLANG_WARN_UNGUARDED_AVAILABILITY = YES_AGGRESSIVE;
				CLANG_WARN_UNREACHABLE_CODE = YES;
				CLANG_WARN__DUPLICATE_METHOD_MATCH = YES;
				COPY_PHASE_STRIP = NO;
				DEBUG_INFORMATION_FORMAT = "dwarf-with-dsym";
				ENABLE_NS_ASSERTIONS = NO;
				ENABLE_STRICT_OBJC_MSGSEND = YES;
				GCC_C_LANGUAGE_STANDARD = gnu11;
				GCC_NO_COMMON_BLOCKS = YES;
				GCC_WARN_64_TO_32_BIT_CONVERSION = YES;
				GCC_WARN_ABOUT_RETURN_TYPE = YES_ERROR;
				GCC_WARN_UNDECLARED_SELECTOR = YES;
				GCC_WARN_UNINITIALIZED_AUTOS = YES_AGGRESSIVE;
				GCC_WARN_UNUSED_FUNCTION = YES;
				GCC_WARN_UNUSED_VARIABLE = YES;
				IPHONEOS_DEPLOYMENT_TARGET = 15.0;
				MTL_ENABLE_DEBUG_INFO = NO;
				MTL_FAST_MATH = YES;
				SDKROOT = iphoneos;
				SWIFT_COMPILATION_MODE = wholemodule;
				SWIFT_OPTIMIZATION_LEVEL = "-O";
				VALIDATE_PRODUCT = YES;
			};
			name = Release;
		};
		77A11E2D275EEF780037AB78 /* Debug */ = {
			isa = XCBuildConfiguration;
			buildSettings = {
				ASSETCATALOG_COMPILER_APPICON_NAME = AppIcon;
				ASSETCATALOG_COMPILER_GLOBAL_ACCENT_COLOR_NAME = AccentColor;
				CODE_SIGN_STYLE = Automatic;
				CURRENT_PROJECT_VERSION = 1;
				DEVELOPMENT_ASSET_PATHS = "\"suMapp/Preview Content\"";
				DEVELOPMENT_TEAM = KUA74EN55S;
				ENABLE_PREVIEWS = YES;
				GENERATE_INFOPLIST_FILE = YES;
				INFOPLIST_KEY_UIApplicationSceneManifest_Generation = YES;
				INFOPLIST_KEY_UIApplicationSupportsIndirectInputEvents = YES;
				INFOPLIST_KEY_UILaunchScreen_Generation = YES;
				INFOPLIST_KEY_UISupportedInterfaceOrientations = UIInterfaceOrientationPortraitUpsideDown;
				INFOPLIST_KEY_UISupportedInterfaceOrientations_iPad = "UIInterfaceOrientationPortrait UIInterfaceOrientationPortraitUpsideDown UIInterfaceOrientationLandscapeLeft UIInterfaceOrientationLandscapeRight";
				INFOPLIST_KEY_UISupportedInterfaceOrientations_iPhone = "UIInterfaceOrientationPortrait UIInterfaceOrientationLandscapeLeft UIInterfaceOrientationLandscapeRight";
				LD_RUNPATH_SEARCH_PATHS = (
					"$(inherited)",
					"@executable_path/Frameworks",
				);
				MARKETING_VERSION = 1.0;
				PRODUCT_BUNDLE_IDENTIFIER = AetherSTD.suMapp;
				PRODUCT_NAME = "$(TARGET_NAME)";
				SWIFT_EMIT_LOC_STRINGS = YES;
				SWIFT_VERSION = 5.0;
				TARGETED_DEVICE_FAMILY = 1;
			};
			name = Debug;
		};
		77A11E2E275EEF780037AB78 /* Release */ = {
			isa = XCBuildConfiguration;
			buildSettings = {
				ASSETCATALOG_COMPILER_APPICON_NAME = AppIcon;
				ASSETCATALOG_COMPILER_GLOBAL_ACCENT_COLOR_NAME = AccentColor;
				CODE_SIGN_STYLE = Automatic;
				CURRENT_PROJECT_VERSION = 1;
				DEVELOPMENT_ASSET_PATHS = "\"suMapp/Preview Content\"";
				DEVELOPMENT_TEAM = KUA74EN55S;
				ENABLE_PREVIEWS = YES;
				GENERATE_INFOPLIST_FILE = YES;
				INFOPLIST_KEY_UIApplicationSceneManifest_Generation = YES;
				INFOPLIST_KEY_UIApplicationSupportsIndirectInputEvents = YES;
				INFOPLIST_KEY_UILaunchScreen_Generation = YES;
				INFOPLIST_KEY_UISupportedInterfaceOrientations = UIInterfaceOrientationPortraitUpsideDown;
				INFOPLIST_KEY_UISupportedInterfaceOrientations_iPad = "UIInterfaceOrientationPortrait UIInterfaceOrientationPortraitUpsideDown UIInterfaceOrientationLandscapeLeft UIInterfaceOrientationLandscapeRight";
				INFOPLIST_KEY_UISupportedInterfaceOrientations_iPhone = "UIInterfaceOrientationPortrait UIInterfaceOrientationLandscapeLeft UIInterfaceOrientationLandscapeRight";
				LD_RUNPATH_SEARCH_PATHS = (
					"$(inherited)",
					"@executable_path/Frameworks",
				);
				MARKETING_VERSION = 1.0;
				PRODUCT_BUNDLE_IDENTIFIER = AetherSTD.suMapp;
				PRODUCT_NAME = "$(TARGET_NAME)";
				SWIFT_EMIT_LOC_STRINGS = YES;
				SWIFT_VERSION = 5.0;
				TARGETED_DEVICE_FAMILY = 1;
			};
			name = Release;
		};
/* End XCBuildConfiguration section */

/* Begin XCConfigurationList section */
		77A11E14275EEF750037AB78 /* Build configuration list for PBXProject "suMapp" */ = {
			isa = XCConfigurationList;
			buildConfigurations = (
				77A11E2A275EEF780037AB78 /* Debug */,
				77A11E2B275EEF780037AB78 /* Release */,
			);
			defaultConfigurationIsVisible = 0;
			defaultConfigurationName = Release;
		};
		77A11E2C275EEF780037AB78 /* Build configuration list for PBXNativeTarget "suMapp" */ = {
			isa = XCConfigurationList;
			buildConfigurations = (
				77A11E2D275EEF780037AB78 /* Debug */,
				77A11E2E275EEF780037AB78 /* Release */,
			);
			defaultConfigurationIsVisible = 0;
			defaultConfigurationName = Release;
		};
/* End XCConfigurationList section */

/* Begin XCVersionGroup section */
		77A11E27275EEF780037AB78 /* suMapp.xcdatamodeld */ = {
			isa = XCVersionGroup;
			children = (
				77A11E28275EEF780037AB78 /* suMapp.xcdatamodel */,
			);
			currentVersion = 77A11E28275EEF780037AB78 /* suMapp.xcdatamodel */;
			path = suMapp.xcdatamodeld;
			sourceTree = "<group>";
			versionGroupType = wrapper.xcdatamodel;
		};
/* End XCVersionGroup section */
	};
	rootObject = 77A11E11275EEF750037AB78 /* Project object */;
}
